{
  "originHash" : "c8e2a1391b6b0aa8071f0cab2f0310a27262ba79feca29cc28fa4bb3b9b4e6e1",
  "pins" : [
    {
      "identity" : "devicekit",
      "kind" : "remoteSourceControl",
      "location" : "https://github.com/devicekit/DeviceKit",
      "state" : {
        "revision" : "d37e70cb2646666dcf276d7d3d4a9760a41ff8a6",
        "version" : "4.9.0"
      }
    },
    {
      "identity" : "dtcoretext",
      "kind" : "remoteSourceControl",
      "location" : "https://github.com/Cocoanetics/DTCoreText",
      "state" : {
        "revision" : "b664664825da565b4c2b7a17dbe2369f68ae43d9",
        "version" : "1.6.26"
      }
    },
    {
      "identity" : "dtfoundation",
      "kind" : "remoteSourceControl",
      "location" : "https://github.com/Cocoanetics/DTFoundation.git",
      "state" : {
        "revision" : "76062513434421cb6c8a1ae1d4f8368a7ebc2da3",
        "version" : "1.7.18"
      }
    },
    {
      "identity" : "jwtdecode.swift",
      "kind" : "remoteSourceControl",
      "location" : "https://github.com/auth0/JWTDecode.swift",
      "state" : {
        "revision" : "1e153ef009969543191970c66b7c60163c0b4a65",
        "version" : "3.2.0"
      }
    },
    {
      "identity" : "maplibre-gl-native-distribution",
      "kind" : "remoteSourceControl",
      "location" : "https://github.com/maplibre/maplibre-gl-native-distribution",
      "state" : {
        "revision" : "d761956e81e74d8bdbfba31e0ec3a75616190658",
        "version" : "5.12.2"
      }
    },
    {
      "identity" : "matrix-analytics-events",
      "kind" : "remoteSourceControl",
      "location" : "https://github.com/matrix-org/matrix-analytics-events",
      "state" : {
        "revision" : "44d5a0e898a71f8abbbe12afe9d73e82d370a9a1",
        "version" : "0.15.0"
      }
    },
    {
      "identity" : "matrix-rich-text-editor-swift",
      "kind" : "remoteSourceControl",
      "location" : "https://github.com/matrix-org/matrix-rich-text-editor-swift",
      "state" : {
        "revision" : "f708cb5d24291241afdec5f3f30a0c5327d9c84a",
        "version" : "2.37.9"
      }
    },
    {
      "identity" : "ogg-swift",
      "kind" : "remoteSourceControl",
      "location" : "https://github.com/vector-im/ogg-swift.git",
      "state" : {
        "revision" : "9d82ed838404f10b607a1a1689f404563e9115c3",
        "version" : "0.8.3"
      }
    },
    {
      "identity" : "opus-swift",
      "kind" : "remoteSourceControl",
      "location" : "https://github.com/vector-im/opus-swift",
      "state" : {
        "revision" : "11f1887767cbc87c4b64b789ee830b779cc744cb",
        "version" : "0.8.4"
      }
    },
    {
      "identity" : "swift-collections",
      "kind" : "remoteSourceControl",
      "location" : "https://github.com/apple/swift-collections",
      "state" : {
        "revision" : "3d2dc41a01f9e49d84f0a3925fb858bed64f702d",
        "version" : "1.1.2"
      }
    },
    {
      "identity" : "swift-ogg",
      "kind" : "remoteSourceControl",
      "location" : "https://github.com/element-hq/swift-ogg",
      "state" : {
        "branch" : "0.0.1",
        "revision" : "e9a9e7601da662fd8b97d93781ff5c60b4becf88"
      }
    }
  ],
  "version" : 3
}
